
Microsoft Visual Studio Solution File, Format Version 12.00
# Visual Studio Version 17
VisualStudioVersion = 17.1.32328.378
MinimumVisualStudioVersion = 10.0.40219.1
Project("{FAE04EC0-301F-11D3-BF4B-00C04F79EFBC}") = "U9Cb", "U9Cb.csproj", "{E7E4DF49-2309-4F47-AD2A-D66EE795923D}"
EndProject
Global
	GlobalSection(SolutionConfigurationPlatforms) = preSolution
		Debug|Any CPU = Debug|Any CPU
		Release|Any CPU = Release|Any CPU
	EndGlobalSection
	GlobalSection(ProjectConfigurationPlatforms) = postSolution
		{E7E4DF49-2309-4F47-AD2A-D66EE795923D}.Debug|Any CPU.ActiveCfg = Debug|Any CPU
		{E7E4DF49-2309-4F47-AD2A-D66EE795923D}.Debug|Any CPU.Build.0 = Debug|Any CPU
		{E7E4DF49-2309-4F47-AD2A-D66EE795923D}.Release|Any CPU.ActiveCfg = Release|Any CPU
		{E7E4DF49-2309-4F47-AD2A-D66EE795923D}.Release|Any CPU.Build.0 = Release|Any CPU
	EndGlobalSection
	GlobalSection(SolutionProperties) = preSolution
		HideSolutionNode = FALSE
	EndGlobalSection
	GlobalSection(ExtensibilityGlobals) = postSolution
		SolutionGuid = {842140D5-B4ED-4D3A-AED3-B7DED2DA7DCA}
	EndGlobalSection
EndGlobal
